
Microsoft Visual Studio Solution File, Format Version 12.00
# Visual Studio Version 17
VisualStudioVersion = 17.0.32014.148
MinimumVisualStudioVersion = 10.0.40219.1
Project("{2150E333-8FDC-42A3-9474-1A3956D46DE8}") = "Services", "Services", "{600E9F7D-A518-4F5C-A96D-11BDED530C98}"
EndProject
Project("{E53339B2-1760-4266-BCC7-CA923CBCF16C}") = "docker-compose", "docker-compose.dcproj", "{7B4CF636-BD9B-4CC1-8940-13CB1662814E}"
EndProject
Project("{2150E333-8FDC-42A3-9474-1A3956D46DE8}") = "Basket", "Basket", "{5621A370-3074-4D54-91A1-C359CACB27E6}"
EndProject
Project("{2150E333-8FDC-42A3-9474-1A3956D46DE8}") = "Discount", "Discount", "{CBBB37C4-0D10-4BC2-9AC4-0209B2F60E1A}"
EndProject
Project("{9A19103F-16F7-4668-BE54-9A1E7A4F7556}") = "Discount.Grpc", "Services\Discount\Discount.Grpc\Discount.Grpc.csproj", "{39676AD3-430B-47ED-A43C-1233CEBA390F}"
EndProject
Project("{2150E333-8FDC-42A3-9474-1A3956D46DE8}") = "Ordering", "Ordering", "{00E16E6F-995E-49BE-8795-5B70A15D58DE}"
EndProject
Project("{9A19103F-16F7-4668-BE54-9A1E7A4F7556}") = "Ordering.Api", "Services\Ordering\Ordering.Api\Ordering.Api.csproj", "{7C325695-CAFD-40A2-B0F2-3864376CD604}"
EndProject
Project("{9A19103F-16F7-4668-BE54-9A1E7A4F7556}") = "Ordering.Domain", "Services\Ordering\Ordering.Domain\Ordering.Domain.csproj", "{F683813F-E8B7-46F2-BB8E-02DF76B7FC1D}"
EndProject
Project("{9A19103F-16F7-4668-BE54-9A1E7A4F7556}") = "Ordering.Application", "Services\Ordering\Ordering.Application\Ordering.Application.csproj", "{D2428B78-63E7-44D9-89BB-B8168789B50E}"
EndProject
Project("{9A19103F-16F7-4668-BE54-9A1E7A4F7556}") = "Ordering.Infrastructure", "Services\Ordering\Ordering.Infrastructure\Ordering.Infrastructure.csproj", "{69C5BB19-4230-4439-9B3C-0766517C18CE}"
EndProject
Project("{2150E333-8FDC-42A3-9474-1A3956D46DE8}") = "BuildingBlocks", "BuildingBlocks", "{33F43FC3-3001-4710-A2F9-AE703D24347A}"
EndProject
Project("{9A19103F-16F7-4668-BE54-9A1E7A4F7556}") = "EventBus.Messages", "BuildingBlocks\EventBus.Messages\EventBus.Messages.csproj", "{A8D9CC6B-4A74-4267-8A7F-BD37593C65D8}"
EndProject
Project("{9A19103F-16F7-4668-BE54-9A1E7A4F7556}") = "Basket.Api", "Services\Basket\Basket.Api\Basket.Api.csproj", "{4AC2EF82-EF88-44B8-8CB8-CCCEA8BA9398}"
EndProject
Project("{2150E333-8FDC-42A3-9474-1A3956D46DE8}") = "ApiGatewayes", "ApiGatewayes", "{29CBC146-1F63-4E76-A58E-1F7651783A7E}"
EndProject
Project("{9A19103F-16F7-4668-BE54-9A1E7A4F7556}") = "OcelotApiGW", "ApiGatewayes\OcelotApiGW\OcelotApiGW.csproj", "{41B5EE1B-561A-4301-A735-D9C5FE995143}"
EndProject
Project("{9A19103F-16F7-4668-BE54-9A1E7A4F7556}") = "Shopping.Aggregator", "ApiGatewayes\Shopping.Aggregator\Shopping.Aggregator.csproj", "{8C0C0767-FEC7-4D20-8F36-54A20FA8726B}"
EndProject
Project("{2150E333-8FDC-42A3-9474-1A3956D46DE8}") = "Solution Items", "Solution Items", "{6EF09197-0F45-446B-8376-1E004CE7B6B9}"
	ProjectSection(SolutionItems) = preProject
		.gitignore.txt = .gitignore.txt
	EndProjectSection
EndProject
Project("{2150E333-8FDC-42A3-9474-1A3956D46DE8}") = "Catalog", "Catalog", "{C193A6FA-67AD-4469-956C-4E339B776BE1}"
EndProject
Project("{9A19103F-16F7-4668-BE54-9A1E7A4F7556}") = "Catalog.Api", "Services\Catalog\Catalog.Api\Catalog.Api.csproj", "{24D3FD28-DF58-4709-B52A-4FEA39659C7F}"
EndProject
Project("{9A19103F-16F7-4668-BE54-9A1E7A4F7556}") = "Catalog.Core", "Services\Catalog\Catalog.Core\Catalog.Core.csproj", "{B40E1617-22D6-4674-99A5-06939C7A7918}"
EndProject
Project("{9A19103F-16F7-4668-BE54-9A1E7A4F7556}") = "Catalog.Infrastructure", "Services\Catalog\Catalog.Infrastructure\Catalog.Infrastructure.csproj", "{4546EC06-720C-4BE5-9980-2148D4A123C3}"
EndProject
Project("{9A19103F-16F7-4668-BE54-9A1E7A4F7556}") = "Common.Logging", "BuildingBlocks\Common.Logging\Common.Logging.csproj", "{2BEABE4B-78C4-4472-A45F-1F1E63176378}"
EndProject
Project("{9A19103F-16F7-4668-BE54-9A1E7A4F7556}") = "Catalog.Test", "Services\Catalog\Catalog.Test\Catalog.Test.csproj", "{10BAD0CF-B03D-4E9D-916E-84FC450D164D}"
EndProject
Project("{9A19103F-16F7-4668-BE54-9A1E7A4F7556}") = "Basket.Test", "Services\Basket\Basket.Test\Basket.Test.csproj", "{E8C6F8A3-A8CD-4CC7-B238-6B22DD2BABBF}"
EndProject
Project("{FAE04EC0-301F-11D3-BF4B-00C04F79EFBC}") = "Ordering.Test", "Services\Ordering\Ordering.Test\Ordering.Test.csproj", "{CD792C53-C312-4945-B950-A1929ECD0734}"
EndProject
Global
	GlobalSection(SolutionConfigurationPlatforms) = preSolution
		Debug|Any CPU = Debug|Any CPU
		Release|Any CPU = Release|Any CPU
	EndGlobalSection
	GlobalSection(ProjectConfigurationPlatforms) = postSolution
		{7B4CF636-BD9B-4CC1-8940-13CB1662814E}.Debug|Any CPU.ActiveCfg = Debug|Any CPU
		{7B4CF636-BD9B-4CC1-8940-13CB1662814E}.Debug|Any CPU.Build.0 = Debug|Any CPU
		{7B4CF636-BD9B-4CC1-8940-13CB1662814E}.Release|Any CPU.ActiveCfg = Release|Any CPU
		{7B4CF636-BD9B-4CC1-8940-13CB1662814E}.Release|Any CPU.Build.0 = Release|Any CPU
		{39676AD3-430B-47ED-A43C-1233CEBA390F}.Debug|Any CPU.ActiveCfg = Debug|Any CPU
		{39676AD3-430B-47ED-A43C-1233CEBA390F}.Debug|Any CPU.Build.0 = Debug|Any CPU
		{39676AD3-430B-47ED-A43C-1233CEBA390F}.Release|Any CPU.ActiveCfg = Release|Any CPU
		{39676AD3-430B-47ED-A43C-1233CEBA390F}.Release|Any CPU.Build.0 = Release|Any CPU
		{7C325695-CAFD-40A2-B0F2-3864376CD604}.Debug|Any CPU.ActiveCfg = Debug|Any CPU
		{7C325695-CAFD-40A2-B0F2-3864376CD604}.Debug|Any CPU.Build.0 = Debug|Any CPU
		{7C325695-CAFD-40A2-B0F2-3864376CD604}.Release|Any CPU.ActiveCfg = Release|Any CPU
		{7C325695-CAFD-40A2-B0F2-3864376CD604}.Release|Any CPU.Build.0 = Release|Any CPU
		{F683813F-E8B7-46F2-BB8E-02DF76B7FC1D}.Debug|Any CPU.ActiveCfg = Debug|Any CPU
		{F683813F-E8B7-46F2-BB8E-02DF76B7FC1D}.Debug|Any CPU.Build.0 = Debug|Any CPU
		{F683813F-E8B7-46F2-BB8E-02DF76B7FC1D}.Release|Any CPU.ActiveCfg = Release|Any CPU
		{F683813F-E8B7-46F2-BB8E-02DF76B7FC1D}.Release|Any CPU.Build.0 = Release|Any CPU
		{D2428B78-63E7-44D9-89BB-B8168789B50E}.Debug|Any CPU.ActiveCfg = Debug|Any CPU
		{D2428B78-63E7-44D9-89BB-B8168789B50E}.Debug|Any CPU.Build.0 = Debug|Any CPU
		{D2428B78-63E7-44D9-89BB-B8168789B50E}.Release|Any CPU.ActiveCfg = Release|Any CPU
		{D2428B78-63E7-44D9-89BB-B8168789B50E}.Release|Any CPU.Build.0 = Release|Any CPU
		{69C5BB19-4230-4439-9B3C-0766517C18CE}.Debug|Any CPU.ActiveCfg = Debug|Any CPU
		{69C5BB19-4230-4439-9B3C-0766517C18CE}.Debug|Any CPU.Build.0 = Debug|Any CPU
		{69C5BB19-4230-4439-9B3C-0766517C18CE}.Release|Any CPU.ActiveCfg = Release|Any CPU
		{69C5BB19-4230-4439-9B3C-0766517C18CE}.Release|Any CPU.Build.0 = Release|Any CPU
		{A8D9CC6B-4A74-4267-8A7F-BD37593C65D8}.Debug|Any CPU.ActiveCfg = Debug|Any CPU
		{A8D9CC6B-4A74-4267-8A7F-BD37593C65D8}.Debug|Any CPU.Build.0 = Debug|Any CPU
		{A8D9CC6B-4A74-4267-8A7F-BD37593C65D8}.Release|Any CPU.ActiveCfg = Release|Any CPU
		{A8D9CC6B-4A74-4267-8A7F-BD37593C65D8}.Release|Any CPU.Build.0 = Release|Any CPU
		{4AC2EF82-EF88-44B8-8CB8-CCCEA8BA9398}.Debug|Any CPU.ActiveCfg = Debug|Any CPU
		{4AC2EF82-EF88-44B8-8CB8-CCCEA8BA9398}.Debug|Any CPU.Build.0 = Debug|Any CPU
		{4AC2EF82-EF88-44B8-8CB8-CCCEA8BA9398}.Release|Any CPU.ActiveCfg = Release|Any CPU
		{4AC2EF82-EF88-44B8-8CB8-CCCEA8BA9398}.Release|Any CPU.Build.0 = Release|Any CPU
		{41B5EE1B-561A-4301-A735-D9C5FE995143}.Debug|Any CPU.ActiveCfg = Debug|Any CPU
		{41B5EE1B-561A-4301-A735-D9C5FE995143}.Debug|Any CPU.Build.0 = Debug|Any CPU
		{41B5EE1B-561A-4301-A735-D9C5FE995143}.Release|Any CPU.ActiveCfg = Release|Any CPU
		{41B5EE1B-561A-4301-A735-D9C5FE995143}.Release|Any CPU.Build.0 = Release|Any CPU
		{8C0C0767-FEC7-4D20-8F36-54A20FA8726B}.Debug|Any CPU.ActiveCfg = Debug|Any CPU
		{8C0C0767-FEC7-4D20-8F36-54A20FA8726B}.Debug|Any CPU.Build.0 = Debug|Any CPU
		{8C0C0767-FEC7-4D20-8F36-54A20FA8726B}.Release|Any CPU.ActiveCfg = Release|Any CPU
		{8C0C0767-FEC7-4D20-8F36-54A20FA8726B}.Release|Any CPU.Build.0 = Release|Any CPU
		{24D3FD28-DF58-4709-B52A-4FEA39659C7F}.Debug|Any CPU.ActiveCfg = Debug|Any CPU
		{24D3FD28-DF58-4709-B52A-4FEA39659C7F}.Debug|Any CPU.Build.0 = Debug|Any CPU
		{24D3FD28-DF58-4709-B52A-4FEA39659C7F}.Release|Any CPU.ActiveCfg = Release|Any CPU
		{24D3FD28-DF58-4709-B52A-4FEA39659C7F}.Release|Any CPU.Build.0 = Release|Any CPU
		{B40E1617-22D6-4674-99A5-06939C7A7918}.Debug|Any CPU.ActiveCfg = Debug|Any CPU
		{B40E1617-22D6-4674-99A5-06939C7A7918}.Debug|Any CPU.Build.0 = Debug|Any CPU
		{B40E1617-22D6-4674-99A5-06939C7A7918}.Release|Any CPU.ActiveCfg = Release|Any CPU
		{B40E1617-22D6-4674-99A5-06939C7A7918}.Release|Any CPU.Build.0 = Release|Any CPU
		{4546EC06-720C-4BE5-9980-2148D4A123C3}.Debug|Any CPU.ActiveCfg = Debug|Any CPU
		{4546EC06-720C-4BE5-9980-2148D4A123C3}.Debug|Any CPU.Build.0 = Debug|Any CPU
		{4546EC06-720C-4BE5-9980-2148D4A123C3}.Release|Any CPU.ActiveCfg = Release|Any CPU
		{4546EC06-720C-4BE5-9980-2148D4A123C3}.Release|Any CPU.Build.0 = Release|Any CPU
		{2BEABE4B-78C4-4472-A45F-1F1E63176378}.Debug|Any CPU.ActiveCfg = Debug|Any CPU
		{2BEABE4B-78C4-4472-A45F-1F1E63176378}.Debug|Any CPU.Build.0 = Debug|Any CPU
		{2BEABE4B-78C4-4472-A45F-1F1E63176378}.Release|Any CPU.ActiveCfg = Release|Any CPU
		{2BEABE4B-78C4-4472-A45F-1F1E63176378}.Release|Any CPU.Build.0 = Release|Any CPU
		{10BAD0CF-B03D-4E9D-916E-84FC450D164D}.Debug|Any CPU.ActiveCfg = Debug|Any CPU
		{10BAD0CF-B03D-4E9D-916E-84FC450D164D}.Debug|Any CPU.Build.0 = Debug|Any CPU
		{10BAD0CF-B03D-4E9D-916E-84FC450D164D}.Release|Any CPU.ActiveCfg = Release|Any CPU
		{10BAD0CF-B03D-4E9D-916E-84FC450D164D}.Release|Any CPU.Build.0 = Release|Any CPU
		{E8C6F8A3-A8CD-4CC7-B238-6B22DD2BABBF}.Debug|Any CPU.ActiveCfg = Debug|Any CPU
		{E8C6F8A3-A8CD-4CC7-B238-6B22DD2BABBF}.Debug|Any CPU.Build.0 = Debug|Any CPU
		{E8C6F8A3-A8CD-4CC7-B238-6B22DD2BABBF}.Release|Any CPU.ActiveCfg = Release|Any CPU
		{E8C6F8A3-A8CD-4CC7-B238-6B22DD2BABBF}.Release|Any CPU.Build.0 = Release|Any CPU
		{CD792C53-C312-4945-B950-A1929ECD0734}.Debug|Any CPU.ActiveCfg = Debug|Any CPU
		{CD792C53-C312-4945-B950-A1929ECD0734}.Debug|Any CPU.Build.0 = Debug|Any CPU
		{CD792C53-C312-4945-B950-A1929ECD0734}.Release|Any CPU.ActiveCfg = Release|Any CPU
		{CD792C53-C312-4945-B950-A1929ECD0734}.Release|Any CPU.Build.0 = Release|Any CPU
	EndGlobalSection
	GlobalSection(SolutionProperties) = preSolution
		HideSolutionNode = FALSE
	EndGlobalSection
	GlobalSection(NestedProjects) = preSolution
		{5621A370-3074-4D54-91A1-C359CACB27E6} = {600E9F7D-A518-4F5C-A96D-11BDED530C98}
		{CBBB37C4-0D10-4BC2-9AC4-0209B2F60E1A} = {600E9F7D-A518-4F5C-A96D-11BDED530C98}
		{39676AD3-430B-47ED-A43C-1233CEBA390F} = {CBBB37C4-0D10-4BC2-9AC4-0209B2F60E1A}
		{00E16E6F-995E-49BE-8795-5B70A15D58DE} = {600E9F7D-A518-4F5C-A96D-11BDED530C98}
		{7C325695-CAFD-40A2-B0F2-3864376CD604} = {00E16E6F-995E-49BE-8795-5B70A15D58DE}
		{F683813F-E8B7-46F2-BB8E-02DF76B7FC1D} = {00E16E6F-995E-49BE-8795-5B70A15D58DE}
		{D2428B78-63E7-44D9-89BB-B8168789B50E} = {00E16E6F-995E-49BE-8795-5B70A15D58DE}
		{69C5BB19-4230-4439-9B3C-0766517C18CE} = {00E16E6F-995E-49BE-8795-5B70A15D58DE}
		{A8D9CC6B-4A74-4267-8A7F-BD37593C65D8} = {33F43FC3-3001-4710-A2F9-AE703D24347A}
		{4AC2EF82-EF88-44B8-8CB8-CCCEA8BA9398} = {5621A370-3074-4D54-91A1-C359CACB27E6}
		{41B5EE1B-561A-4301-A735-D9C5FE995143} = {29CBC146-1F63-4E76-A58E-1F7651783A7E}
		{8C0C0767-FEC7-4D20-8F36-54A20FA8726B} = {29CBC146-1F63-4E76-A58E-1F7651783A7E}
		{C193A6FA-67AD-4469-956C-4E339B776BE1} = {600E9F7D-A518-4F5C-A96D-11BDED530C98}
		{24D3FD28-DF58-4709-B52A-4FEA39659C7F} = {C193A6FA-67AD-4469-956C-4E339B776BE1}
		{B40E1617-22D6-4674-99A5-06939C7A7918} = {C193A6FA-67AD-4469-956C-4E339B776BE1}
		{4546EC06-720C-4BE5-9980-2148D4A123C3} = {C193A6FA-67AD-4469-956C-4E339B776BE1}
		{2BEABE4B-78C4-4472-A45F-1F1E63176378} = {33F43FC3-3001-4710-A2F9-AE703D24347A}
		{10BAD0CF-B03D-4E9D-916E-84FC450D164D} = {C193A6FA-67AD-4469-956C-4E339B776BE1}
		{E8C6F8A3-A8CD-4CC7-B238-6B22DD2BABBF} = {5621A370-3074-4D54-91A1-C359CACB27E6}
		{CD792C53-C312-4945-B950-A1929ECD0734} = {00E16E6F-995E-49BE-8795-5B70A15D58DE}
	EndGlobalSection
	GlobalSection(ExtensibilityGlobals) = postSolution
		SolutionGuid = {E461C368-BF18-4619-87EA-422216AF0DE0}
	EndGlobalSection
EndGlobal
